
Microsoft Visual Studio Solution File, Format Version 12.00
# Visual Studio Version 16
VisualStudioVersion = 16.0.29920.165
MinimumVisualStudioVersion = 10.0.40219.1
Project("{FAE04EC0-301F-11D3-BF4B-00C04F79EFBC}") = "Kurs-Work-BD", "Kurs-Work-BD\Kurs-Work-BD.csproj", "{2FE7F7B9-6AA0-4C39-A187-F84CC7B345D8}"
EndProject
Global
	GlobalSection(SolutionConfigurationPlatforms) = preSolution
		Debug|Any CPU = Debug|Any CPU
		Release|Any CPU = Release|Any CPU
	EndGlobalSection
	GlobalSection(ProjectConfigurationPlatforms) = postSolution
		{2FE7F7B9-6AA0-4C39-A187-F84CC7B345D8}.Debug|Any CPU.ActiveCfg = Debug|Any CPU
		{2FE7F7B9-6AA0-4C39-A187-F84CC7B345D8}.Debug|Any CPU.Build.0 = Debug|Any CPU
		{2FE7F7B9-6AA0-4C39-A187-F84CC7B345D8}.Release|Any CPU.ActiveCfg = Release|Any CPU
		{2FE7F7B9-6AA0-4C39-A187-F84CC7B345D8}.Release|Any CPU.Build.0 = Release|Any CPU
	EndGlobalSection
	GlobalSection(SolutionProperties) = preSolution
		HideSolutionNode = FALSE
	EndGlobalSection
	GlobalSection(ExtensibilityGlobals) = postSolution
		SolutionGuid = {242C9C85-C3F3-44F8-84F3-A8EDAD22F744}
	EndGlobalSection
EndGlobal
